
Microsoft Visual Studio Solution File, Format Version 12.00
# Visual Studio 2013
VisualStudioVersion = 12.0.21005.1
MinimumVisualStudioVersion = 10.0.40219.1
Project("{FAE04EC0-301F-11D3-BF4B-00C04F79EFBC}") = "WaysServices", "WaysServices\WaysServices.csproj", "{15B3E0D2-6217-493A-A690-158C497F5318}"
EndProject
Project("{FAE04EC0-301F-11D3-BF4B-00C04F79EFBC}") = "Services", "..\Services\Services\Services.csproj", "{7DBAF645-3064-4A7D-8B6F-EB61C75A66B8}"
EndProject
Project("{FAE04EC0-301F-11D3-BF4B-00C04F79EFBC}") = "StgMsg", "..\StgMsg\StgMsg\StgMsg.csproj", "{D84E3A15-7048-45D6-9487-0A70EAC10733}"
EndProject
Project("{FAE04EC0-301F-11D3-BF4B-00C04F79EFBC}") = "BAC", "..\BAC\BAC\BAC.csproj", "{71E981BC-06E0-4E7F-948B-A52E2567AC16}"
EndProject
Global
	GlobalSection(SolutionConfigurationPlatforms) = preSolution
		Debug|Any CPU = Debug|Any CPU
		Release|Any CPU = Release|Any CPU
	EndGlobalSection
	GlobalSection(ProjectConfigurationPlatforms) = postSolution
		{15B3E0D2-6217-493A-A690-158C497F5318}.Debug|Any CPU.ActiveCfg = Debug|Any CPU
		{15B3E0D2-6217-493A-A690-158C497F5318}.Debug|Any CPU.Build.0 = Debug|Any CPU
		{15B3E0D2-6217-493A-A690-158C497F5318}.Release|Any CPU.ActiveCfg = Release|Any CPU
		{15B3E0D2-6217-493A-A690-158C497F5318}.Release|Any CPU.Build.0 = Release|Any CPU
		{7DBAF645-3064-4A7D-8B6F-EB61C75A66B8}.Debug|Any CPU.ActiveCfg = Debug|Any CPU
		{7DBAF645-3064-4A7D-8B6F-EB61C75A66B8}.Debug|Any CPU.Build.0 = Debug|Any CPU
		{7DBAF645-3064-4A7D-8B6F-EB61C75A66B8}.Release|Any CPU.ActiveCfg = Release|Any CPU
		{7DBAF645-3064-4A7D-8B6F-EB61C75A66B8}.Release|Any CPU.Build.0 = Release|Any CPU
		{D84E3A15-7048-45D6-9487-0A70EAC10733}.Debug|Any CPU.ActiveCfg = Debug|Any CPU
		{D84E3A15-7048-45D6-9487-0A70EAC10733}.Debug|Any CPU.Build.0 = Debug|Any CPU
		{D84E3A15-7048-45D6-9487-0A70EAC10733}.Release|Any CPU.ActiveCfg = Release|Any CPU
		{D84E3A15-7048-45D6-9487-0A70EAC10733}.Release|Any CPU.Build.0 = Release|Any CPU
		{71E981BC-06E0-4E7F-948B-A52E2567AC16}.Debug|Any CPU.ActiveCfg = Debug|Any CPU
		{71E981BC-06E0-4E7F-948B-A52E2567AC16}.Debug|Any CPU.Build.0 = Debug|Any CPU
		{71E981BC-06E0-4E7F-948B-A52E2567AC16}.Release|Any CPU.ActiveCfg = Release|Any CPU
		{71E981BC-06E0-4E7F-948B-A52E2567AC16}.Release|Any CPU.Build.0 = Release|Any CPU
	EndGlobalSection
	GlobalSection(SolutionProperties) = preSolution
		HideSolutionNode = FALSE
	EndGlobalSection
EndGlobal
